
Microsoft Visual Studio Solution File, Format Version 12.00
# Visual Studio Version 17
VisualStudioVersion = 17.11.35222.181
MinimumVisualStudioVersion = 10.0.40219.1
Project("{8BC9CEB8-8B4A-11D0-8D11-00A0C91BC942}") = "ejerciciosQt", "ejerciciosQt.vcxproj", "{45FB637F-780C-4B5A-B00D-34999B6A82B9}"
EndProject
Global
	GlobalSection(SolutionConfigurationPlatforms) = preSolution
		Debug|x64 = Debug|x64
		Release|x64 = Release|x64
	EndGlobalSection
	GlobalSection(ProjectConfigurationPlatforms) = postSolution
		{45FB637F-780C-4B5A-B00D-34999B6A82B9}.Debug|x64.ActiveCfg = Debug|x64
		{45FB637F-780C-4B5A-B00D-34999B6A82B9}.Debug|x64.Build.0 = Debug|x64
		{45FB637F-780C-4B5A-B00D-34999B6A82B9}.Release|x64.ActiveCfg = Release|x64
		{45FB637F-780C-4B5A-B00D-34999B6A82B9}.Release|x64.Build.0 = Release|x64
	EndGlobalSection
	GlobalSection(SolutionProperties) = preSolution
		HideSolutionNode = FALSE
	EndGlobalSection
	GlobalSection(ExtensibilityGlobals) = postSolution
		SolutionGuid = {C4642F34-C80A-483E-AEEF-799E5DAE22E8}
	EndGlobalSection
EndGlobal
